// !$*UTF8*$!
{
	archiveVersion = 1;
	classes = {
	};
	objectVersion = 50;
	objects = {

/* Begin PBXBuildFile section */
		B5B12A022100761100C1EED5 /* M185SDK.h in Headers */ = {isa = PBXBuildFile; fileRef = B5B12A002100761100C1EED5 /* M185SDK.h */; settings = {ATTRIBUTES = (Public, ); }; };
		B5B12A0B210076A600C1EED5 /* M185SDKManager.h in Headers */ = {isa = PBXBuildFile; fileRef = B5B12A09210076A600C1EED5 /* M185SDKManager.h */; settings = {ATTRIBUTES = (Public, ); }; };
		B5B12A0C210076A600C1EED5 /* M185SDKManager.m in Sources */ = {isa = PBXBuildFile; fileRef = B5B12A0A210076A600C1EED5 /* M185SDKManager.m */; };
		B5B12A3C210078D500C1EED5 /* M185AppDelegate.h in Headers */ = {isa = PBXBuildFile; fileRef = B5B12A3B210078D500C1EED5 /* M185AppDelegate.h */; settings = {ATTRIBUTES = (Public, ); }; };
		B5B12A512101BFD800C1EED5 /* M185NetWorkManager.h in Headers */ = {isa = PBXBuildFile; fileRef = B5B12A4F2101BFD800C1EED5 /* M185NetWorkManager.h */; };
		B5B12A522101BFD800C1EED5 /* M185NetWorkManager.m in Sources */ = {isa = PBXBuildFile; fileRef = B5B12A502101BFD800C1EED5 /* M185NetWorkManager.m */; };
/* End PBXBuildFile section */

/* Begin PBXFileReference section */
		B5B129FD2100761100C1EED5 /* M185SDK.framework */ = {isa = PBXFileReference; explicitFileType = wrapper.framework; includeInIndex = 0; path = M185SDK.framework; sourceTree = BUILT_PRODUCTS_DIR; };
		B5B12A002100761100C1EED5 /* M185SDK.h */ = {isa = PBXFileReference; lastKnownFileType = sourcecode.c.h; path = M185SDK.h; sourceTree = "<group>"; };
		B5B12A012100761100C1EED5 /* Info.plist */ = {isa = PBXFileReference; lastKnownFileType = text.plist.xml; path = Info.plist; sourceTree = "<group>"; };
		B5B12A09210076A600C1EED5 /* M185SDKManager.h */ = {isa = PBXFileReference; lastKnownFileType = sourcecode.c.h; path = M185SDKManager.h; sourceTree = "<group>"; };
		B5B12A0A210076A600C1EED5 /* M185SDKManager.m */ = {isa = PBXFileReference; lastKnownFileType = sourcecode.c.objc; path = M185SDKManager.m; sourceTree = "<group>"; };
		B5B12A3B210078D500C1EED5 /* M185AppDelegate.h */ = {isa = PBXFileReference; lastKnownFileType = sourcecode.c.h; path = M185AppDelegate.h; sourceTree = "<group>"; };
		B5B12A4F2101BFD800C1EED5 /* M185NetWorkManager.h */ = {isa = PBXFileReference; lastKnownFileType = sourcecode.c.h; path = M185NetWorkManager.h; sourceTree = "<group>"; };
		B5B12A502101BFD800C1EED5 /* M185NetWorkManager.m */ = {isa = PBXFileReference; lastKnownFileType = sourcecode.c.objc; path = M185NetWorkManager.m; sourceTree = "<group>"; };
/* End PBXFileReference section */

/* Begin PBXFrameworksBuildPhase section */
		B5B129F92100761100C1EED5 /* Frameworks */ = {
			isa = PBXFrameworksBuildPhase;
			buildActionMask = 2147483647;
			files = (
			);
			runOnlyForDeploymentPostprocessing = 0;
		};
/* End PBXFrameworksBuildPhase section */

/* Begin PBXGroup section */
		B5B129F32100761000C1EED5 = {
			isa = PBXGroup;
			children = (
				B5B129FF2100761100C1EED5 /* M185SDK */,
				B5B129FE2100761100C1EED5 /* Products */,
			);
			sourceTree = "<group>";
		};
		B5B129FE2100761100C1EED5 /* Products */ = {
			isa = PBXGroup;
			children = (
				B5B129FD2100761100C1EED5 /* M185SDK.framework */,
			);
			name = Products;
			sourceTree = "<group>";
		};
		B5B129FF2100761100C1EED5 /* M185SDK */ = {
			isa = PBXGroup;
			children = (
				B5B12A002100761100C1EED5 /* M185SDK.h */,
				B5B12A4E2101BFAB00C1EED5 /* M185NetWorkManager */,
				B5B12A3A210078A300C1EED5 /* M185AppDelegate */,
				B5B12A082100766D00C1EED5 /* M185SDKManager */,
				B5B12A012100761100C1EED5 /* Info.plist */,
			);
			path = M185SDK;
			sourceTree = "<group>";
		};
		B5B12A082100766D00C1EED5 /* M185SDKManager */ = {
			isa = PBXGroup;
			children = (
				B5B12A09210076A600C1EED5 /* M185SDKManager.h */,
				B5B12A0A210076A600C1EED5 /* M185SDKManager.m */,
			);
			path = M185SDKManager;
			sourceTree = "<group>";
		};
		B5B12A3A210078A300C1EED5 /* M185AppDelegate */ = {
			isa = PBXGroup;
			children = (
				B5B12A3B210078D500C1EED5 /* M185AppDelegate.h */,
			);
			path = M185AppDelegate;
			sourceTree = "<group>";
		};
		B5B12A4E2101BFAB00C1EED5 /* M185NetWorkManager */ = {
			isa = PBXGroup;
			children = (
				B5B12A4F2101BFD800C1EED5 /* M185NetWorkManager.h */,
				B5B12A502101BFD800C1EED5 /* M185NetWorkManager.m */,
			);
			path = M185NetWorkManager;
			sourceTree = "<group>";
		};
/* End PBXGroup section */

/* Begin PBXHeadersBuildPhase section */
		B5B129FA2100761100C1EED5 /* Headers */ = {
			isa = PBXHeadersBuildPhase;
			buildActionMask = 2147483647;
			files = (
				B5B12A022100761100C1EED5 /* M185SDK.h in Headers */,
				B5B12A512101BFD800C1EED5 /* M185NetWorkManager.h in Headers */,
				B5B12A3C210078D500C1EED5 /* M185AppDelegate.h in Headers */,
				B5B12A0B210076A600C1EED5 /* M185SDKManager.h in Headers */,
			);
			runOnlyForDeploymentPostprocessing = 0;
		};
/* End PBXHeadersBuildPhase section */

/* Begin PBXNativeTarget section */
		B5B129FC2100761100C1EED5 /* M185SDK */ = {
			isa = PBXNativeTarget;
			buildConfigurationList = B5B12A052100761100C1EED5 /* Build configuration list for PBXNativeTarget "M185SDK" */;
			buildPhases = (
				B5B129F82100761100C1EED5 /* Sources */,
				B5B129F92100761100C1EED5 /* Frameworks */,
				B5B129FA2100761100C1EED5 /* Headers */,
				B5B129FB2100761100C1EED5 /* Resources */,
			);
			buildRules = (
			);
			dependencies = (
			);
			name = M185SDK;
			productName = M185SDK;
			productReference = B5B129FD2100761100C1EED5 /* M185SDK.framework */;
			productType = "com.apple.product-type.framework";
		};
/* End PBXNativeTarget section */

/* Begin PBXProject section */
		B5B129F42100761000C1EED5 /* Project object */ = {
			isa = PBXProject;
			attributes = {
				LastUpgradeCheck = 0940;
				ORGANIZATIONNAME = Sans;
				TargetAttributes = {
					B5B129FC2100761100C1EED5 = {
						CreatedOnToolsVersion = 9.4;
					};
				};
			};
			buildConfigurationList = B5B129F72100761000C1EED5 /* Build configuration list for PBXProject "M185SDK" */;
			compatibilityVersion = "Xcode 9.3";
			developmentRegion = en;
			hasScannedForEncodings = 0;
			knownRegions = (
				en,
			);
			mainGroup = B5B129F32100761000C1EED5;
			productRefGroup = B5B129FE2100761100C1EED5 /* Products */;
			projectDirPath = "";
			projectRoot = "";
			targets = (
				B5B129FC2100761100C1EED5 /* M185SDK */,
			);
		};
/* End PBXProject section */

/* Begin PBXResourcesBuildPhase section */
		B5B129FB2100761100C1EED5 /* Resources */ = {
			isa = PBXResourcesBuildPhase;
			buildActionMask = 2147483647;
			files = (
			);
			runOnlyForDeploymentPostprocessing = 0;
		};
/* End PBXResourcesBuildPhase section */

/* Begin PBXSourcesBuildPhase section */
		B5B129F82100761100C1EED5 /* Sources */ = {
			isa = PBXSourcesBuildPhase;
			buildActionMask = 2147483647;
			files = (
				B5B12A522101BFD800C1EED5 /* M185NetWorkManager.m in Sources */,
				B5B12A0C210076A600C1EED5 /* M185SDKManager.m in Sources */,
			);
			runOnlyForDeploymentPostprocessing = 0;
		};
/* End PBXSourcesBuildPhase section */

/* Begin XCBuildConfiguration section */
		B5B12A032100761100C1EED5 /* Debug */ = {
			isa = XCBuildConfiguration;
			buildSettings = {
				ALWAYS_SEARCH_USER_PATHS = NO;
				CLANG_ANALYZER_NONNULL = YES;
				CLANG_ANALYZER_NUMBER_OBJECT_CONVERSION = YES_AGGRESSIVE;
				CLANG_CXX_LANGUAGE_STANDARD = "gnu++14";
				CLANG_CXX_LIBRARY = "libc++";
				CLANG_ENABLE_MODULES = YES;
				CLANG_ENABLE_OBJC_ARC = YES;
				CLANG_ENABLE_OBJC_WEAK = YES;
				CLANG_WARN_BLOCK_CAPTURE_AUTORELEASING = YES;
				CLANG_WARN_BOOL_CONVERSION = YES;
				CLANG_WARN_COMMA = YES;
				CLANG_WARN_CONSTANT_CONVERSION = YES;
				CLANG_WARN_DEPRECATED_OBJC_IMPLEMENTATIONS = YES;
				CLANG_WARN_DIRECT_OBJC_ISA_USAGE = YES_ERROR;
				CLANG_WARN_DOCUMENTATION_COMMENTS = YES;
				CLANG_WARN_EMPTY_BODY = YES;
				CLANG_WARN_ENUM_CONVERSION = YES;
				CLANG_WARN_INFINITE_RECURSION = YES;
				CLANG_WARN_INT_CONVERSION = YES;
				CLANG_WARN_NON_LITERAL_NULL_CONVERSION = YES;
				CLANG_WARN_OBJC_IMPLICIT_RETAIN_SELF = YES;
				CLANG_WARN_OBJC_LITERAL_CONVERSION = YES;
				CLANG_WARN_OBJC_ROOT_CLASS = YES_ERROR;
				CLANG_WARN_RANGE_LOOP_ANALYSIS = YES;
				CLANG_WARN_STRICT_PROTOTYPES = YES;
				CLANG_WARN_SUSPICIOUS_MOVE = YES;
				CLANG_WARN_UNGUARDED_AVAILABILITY = YES_AGGRESSIVE;
				CLANG_WARN_UNREACHABLE_CODE = YES;
				CLANG_WARN__DUPLICATE_METHOD_MATCH = YES;
				CODE_SIGN_IDENTITY = "iPhone Developer";
				COPY_PHASE_STRIP = NO;
				CURRENT_PROJECT_VERSION = 1;
				DEBUG_INFORMATION_FORMAT = dwarf;
				ENABLE_STRICT_OBJC_MSGSEND = YES;
				ENABLE_TESTABILITY = YES;
				GCC_C_LANGUAGE_STANDARD = gnu11;
				GCC_DYNAMIC_NO_PIC = NO;
				GCC_NO_COMMON_BLOCKS = YES;
				GCC_OPTIMIZATION_LEVEL = 0;
				GCC_PREPROCESSOR_DEFINITIONS = (
					"DEBUG=1",
					"$(inherited)",
				);
				GCC_WARN_64_TO_32_BIT_CONVERSION = YES;
				GCC_WARN_ABOUT_RETURN_TYPE = YES_ERROR;
				GCC_WARN_UNDECLARED_SELECTOR = YES;
				GCC_WARN_UNINITIALIZED_AUTOS = YES_AGGRESSIVE;
				GCC_WARN_UNUSED_FUNCTION = YES;
				GCC_WARN_UNUSED_VARIABLE = YES;
				IPHONEOS_DEPLOYMENT_TARGET = 11.4;
				MTL_ENABLE_DEBUG_INFO = YES;
				ONLY_ACTIVE_ARCH = YES;
				SDKROOT = iphoneos;
				VERSIONING_SYSTEM = "apple-generic";
				VERSION_INFO_PREFIX = "";
			};
			name = Debug;
		};
		B5B12A042100761100C1EED5 /* Release */ = {
			isa = XCBuildConfiguration;
			buildSettings = {
				ALWAYS_SEARCH_USER_PATHS = NO;
				CLANG_ANALYZER_NONNULL = YES;
				CLANG_ANALYZER_NUMBER_OBJECT_CONVERSION = YES_AGGRESSIVE;
				CLANG_CXX_LANGUAGE_STANDARD = "gnu++14";
				CLANG_CXX_LIBRARY = "libc++";
				CLANG_ENABLE_MODULES = YES;
				CLANG_ENABLE_OBJC_ARC = YES;
				CLANG_ENABLE_OBJC_WEAK = YES;
				CLANG_WARN_BLOCK_CAPTURE_AUTORELEASING = YES;
				CLANG_WARN_BOOL_CONVERSION = YES;
				CLANG_WARN_COMMA = YES;
				CLANG_WARN_CONSTANT_CONVERSION = YES;
				CLANG_WARN_DEPRECATED_OBJC_IMPLEMENTATIONS = YES;
				CLANG_WARN_DIRECT_OBJC_ISA_USAGE = YES_ERROR;
				CLANG_WARN_DOCUMENTATION_COMMENTS = YES;
				CLANG_WARN_EMPTY_BODY = YES;
				CLANG_WARN_ENUM_CONVERSION = YES;
				CLANG_WARN_INFINITE_RECURSION = YES;
				CLANG_WARN_INT_CONVERSION = YES;
				CLANG_WARN_NON_LITERAL_NULL_CONVERSION = YES;
				CLANG_WARN_OBJC_IMPLICIT_RETAIN_SELF = YES;
				CLANG_WARN_OBJC_LITERAL_CONVERSION = YES;
				CLANG_WARN_OBJC_ROOT_CLASS = YES_ERROR;
				CLANG_WARN_RANGE_LOOP_ANALYSIS = YES;
				CLANG_WARN_STRICT_PROTOTYPES = YES;
				CLANG_WARN_SUSPICIOUS_MOVE = YES;
				CLANG_WARN_UNGUARDED_AVAILABILITY = YES_AGGRESSIVE;
				CLANG_WARN_UNREACHABLE_CODE = YES;
				CLANG_WARN__DUPLICATE_METHOD_MATCH = YES;
				CODE_SIGN_IDENTITY = "iPhone Developer";
				COPY_PHASE_STRIP = NO;
				CURRENT_PROJECT_VERSION = 1;
				DEBUG_INFORMATION_FORMAT = "dwarf-with-dsym";
				ENABLE_NS_ASSERTIONS = NO;
				ENABLE_STRICT_OBJC_MSGSEND = YES;
				GCC_C_LANGUAGE_STANDARD = gnu11;
				GCC_NO_COMMON_BLOCKS = YES;
				GCC_WARN_64_TO_32_BIT_CONVERSION = YES;
				GCC_WARN_ABOUT_RETURN_TYPE = YES_ERROR;
				GCC_WARN_UNDECLARED_SELECTOR = YES;
				GCC_WARN_UNINITIALIZED_AUTOS = YES_AGGRESSIVE;
				GCC_WARN_UNUSED_FUNCTION = YES;
				GCC_WARN_UNUSED_VARIABLE = YES;
				IPHONEOS_DEPLOYMENT_TARGET = 11.4;
				MTL_ENABLE_DEBUG_INFO = NO;
				SDKROOT = iphoneos;
				VALIDATE_PRODUCT = YES;
				VERSIONING_SYSTEM = "apple-generic";
				VERSION_INFO_PREFIX = "";
			};
			name = Release;
		};
		B5B12A062100761100C1EED5 /* Debug */ = {
			isa = XCBuildConfiguration;
			buildSettings = {
				CODE_SIGN_IDENTITY = "";
				CODE_SIGN_STYLE = Automatic;
				DEFINES_MODULE = YES;
				DYLIB_COMPATIBILITY_VERSION = 1;
				DYLIB_CURRENT_VERSION = 1;
				DYLIB_INSTALL_NAME_BASE = "@rpath";
				INFOPLIST_FILE = M185SDK/Info.plist;
				INSTALL_PATH = "$(LOCAL_LIBRARY_DIR)/Frameworks";
				IPHONEOS_DEPLOYMENT_TARGET = 8.0;
				LD_RUNPATH_SEARCH_PATHS = (
					"$(inherited)",
					"@executable_path/Frameworks",
					"@loader_path/Frameworks",
				);
				MACH_O_TYPE = staticlib;
				PRODUCT_BUNDLE_IDENTIFIER = Sans.M185SDK;
				PRODUCT_NAME = "$(TARGET_NAME:c99extidentifier)";
				SKIP_INSTALL = YES;
				TARGETED_DEVICE_FAMILY = "1,2";
			};
			name = Debug;
		};
		B5B12A072100761100C1EED5 /* Release */ = {
			isa = XCBuildConfiguration;
			buildSettings = {
				CODE_SIGN_IDENTITY = "";
				CODE_SIGN_STYLE = Automatic;
				DEFINES_MODULE = YES;
				DYLIB_COMPATIBILITY_VERSION = 1;
				DYLIB_CURRENT_VERSION = 1;
				DYLIB_INSTALL_NAME_BASE = "@rpath";
				INFOPLIST_FILE = M185SDK/Info.plist;
				INSTALL_PATH = "$(LOCAL_LIBRARY_DIR)/Frameworks";
				IPHONEOS_DEPLOYMENT_TARGET = 8.0;
				LD_RUNPATH_SEARCH_PATHS = (
					"$(inherited)",
					"@executable_path/Frameworks",
					"@loader_path/Frameworks",
				);
				MACH_O_TYPE = staticlib;
				PRODUCT_BUNDLE_IDENTIFIER = Sans.M185SDK;
				PRODUCT_NAME = "$(TARGET_NAME:c99extidentifier)";
				SKIP_INSTALL = YES;
				TARGETED_DEVICE_FAMILY = "1,2";
			};
			name = Release;
		};
/* End XCBuildConfiguration section */

/* Begin XCConfigurationList section */
		B5B129F72100761000C1EED5 /* Build configuration list for PBXProject "M185SDK" */ = {
			isa = XCConfigurationList;
			buildConfigurations = (
				B5B12A032100761100C1EED5 /* Debug */,
				B5B12A042100761100C1EED5 /* Release */,
			);
			defaultConfigurationIsVisible = 0;
			defaultConfigurationName = Release;
		};
		B5B12A052100761100C1EED5 /* Build configuration list for PBXNativeTarget "M185SDK" */ = {
			isa = XCConfigurationList;
			buildConfigurations = (
				B5B12A062100761100C1EED5 /* Debug */,
				B5B12A072100761100C1EED5 /* Release */,
			);
			defaultConfigurationIsVisible = 0;
			defaultConfigurationName = Release;
		};
/* End XCConfigurationList section */
	};
	rootObject = B5B129F42100761000C1EED5 /* Project object */;
}
